// !$*UTF8*$!
{
	archiveVersion = 1;
	classes = {
	};
	objectVersion = 77;
	objects = {

/* Begin PBXContainerItemProxy section */
		F1F600F52F66EA99000A871E /* PBXContainerItemProxy */ = {
			isa = PBXContainerItemProxy;
			containerPortal = F1F600DB2F66EA97000A871E /* Project object */;
			proxyType = 1;
			remoteGlobalIDString = F1F600E22F66EA97000A871E;
			remoteInfo = bazodiac;
		};
		F1F600FF2F66EA99000A871E /* PBXContainerItemProxy */ = {
			isa = PBXContainerItemProxy;
			containerPortal = F1F600DB2F66EA97000A871E /* Project object */;
			proxyType = 1;
			remoteGlobalIDString = F1F600E22F66EA97000A871E;
			remoteInfo = bazodiac;
		};
/* End PBXContainerItemProxy section */

/* Begin PBXFileReference section */
		F1F600E32F66EA97000A871E /* bazodiac.app */ = {isa = PBXFileReference; explicitFileType = wrapper.application; includeInIndex = 0; path = bazodiac.app; sourceTree = BUILT_PRODUCTS_DIR; };
		F1F600F42F66EA99000A871E /* bazodiacTests.xctest */ = {isa = PBXFileReference; explicitFileType = wrapper.cfbundle; includeInIndex = 0; path = bazodiacTests.xctest; sourceTree = BUILT_PRODUCTS_DIR; };
		F1F600FE2F66EA99000A871E /* bazodiacUITests.xctest */ = {isa = PBXFileReference; explicitFileType = wrapper.cfbundle; includeInIndex = 0; path = bazodiacUITests.xctest; sourceTree = BUILT_PRODUCTS_DIR; };
		AA1000001 /* CormorantGaramond-Light.ttf */ = {isa = PBXFileReference; lastKnownFileType = file; path = "Fonts/CormorantGaramond-Light.ttf"; sourceTree = "<group>"; };
		AA1000002 /* CormorantGaramond-Regular.ttf */ = {isa = PBXFileReference; lastKnownFileType = file; path = "Fonts/CormorantGaramond-Regular.ttf"; sourceTree = "<group>"; };
		AA1000003 /* CormorantGaramond-Medium.ttf */ = {isa = PBXFileReference; lastKnownFileType = file; path = "Fonts/CormorantGaramond-Medium.ttf"; sourceTree = "<group>"; };
		AA1000004 /* CormorantGaramond-SemiBold.ttf */ = {isa = PBXFileReference; lastKnownFileType = file; path = "Fonts/CormorantGaramond-SemiBold.ttf"; sourceTree = "<group>"; };
		AA1000005 /* CormorantGaramond-Bold.ttf */ = {isa = PBXFileReference; lastKnownFileType = file; path = "Fonts/CormorantGaramond-Bold.ttf"; sourceTree = "<group>"; };
		AA1000006 /* CormorantGaramond-Italic.ttf */ = {isa = PBXFileReference; lastKnownFileType = file; path = "Fonts/CormorantGaramond-Italic.ttf"; sourceTree = "<group>"; };
		AA1000007 /* CormorantGaramond-LightItalic.ttf */ = {isa = PBXFileReference; lastKnownFileType = file; path = "Fonts/CormorantGaramond-LightItalic.ttf"; sourceTree = "<group>"; };
/* End PBXFileReference section */

/* Begin PBXFileSystemSynchronizedBuildFileExceptionSet section */
		F1F601062F66EA99000A871E /* Exceptions for "bazodiac" folder in "bazodiac" target */ = {
			isa = PBXFileSystemSynchronizedBuildFileExceptionSet;
			membershipExceptions = (
				Info.plist,
			);
			target = F1F600E22F66EA97000A871E /* bazodiac */;
		};
/* End PBXFileSystemSynchronizedBuildFileExceptionSet section */

/* Begin PBXFileSystemSynchronizedRootGroup section */
		F1F600E52F66EA97000A871E /* bazodiac */ = {
			isa = PBXFileSystemSynchronizedRootGroup;
			exceptions = (
				F1F601062F66EA99000A871E /* Exceptions for "bazodiac" folder in "bazodiac" target */,
			);
			path = bazodiac;
			sourceTree = "<group>";
		};
		F1F600F72F66EA99000A871E /* bazodiacTests */ = {
			isa = PBXFileSystemSynchronizedRootGroup;
			path = bazodiacTests;
			sourceTree = "<group>";
		};
		F1F601012F66EA99000A871E /* bazodiacUITests */ = {
			isa = PBXFileSystemSynchronizedRootGroup;
			path = bazodiacUITests;
			sourceTree = "<group>";
		};
/* End PBXFileSystemSynchronizedRootGroup section */

/* Begin PBXFrameworksBuildPhase section */
		F1F600E02F66EA97000A871E /* Frameworks */ = {
			isa = PBXFrameworksBuildPhase;
			buildActionMask = 2147483647;
			files = (
			);
			runOnlyForDeploymentPostprocessing = 0;
		};
		F1F600F12F66EA99000A871E /* Frameworks */ = {
			isa = PBXFrameworksBuildPhase;
			buildActionMask = 2147483647;
			files = (
			);
			runOnlyForDeploymentPostprocessing = 0;
		};
		F1F600FB2F66EA99000A871E /* Frameworks */ = {
			isa = PBXFrameworksBuildPhase;
			buildActionMask = 2147483647;
			files = (
			);
			runOnlyForDeploymentPostprocessing = 0;
		};
/* End PBXFrameworksBuildPhase section */

/* Begin PBXGroup section */
		F1F600DA2F66EA97000A871E = {
			isa = PBXGroup;
			children = (
				F1F600E52F66EA97000A871E /* bazodiac */,
				F1F600F72F66EA99000A871E /* bazodiacTests */,
				F1F601012F66EA99000A871E /* bazodiacUITests */,
				F1F600E42F66EA97000A871E /* Products */,
			);
			sourceTree = "<group>";
		};
		F1F600E42F66EA97000A871E /* Products */ = {
			isa = PBXGroup;
			children = (
				F1F600E32F66EA97000A871E /* bazodiac.app */,
				F1F600F42F66EA99000A871E /* bazodiacTests.xctest */,
				F1F600FE2F66EA99000A871E /* bazodiacUITests.xctest */,
			);
			name = Products;
			sourceTree = "<group>";
		};
/* End PBXGroup section */

/* Begin PBXNativeTarget section */
		F1F600E22F66EA97000A871E /* bazodiac */ = {
			isa = PBXNativeTarget;
			buildConfigurationList = F1F601072F66EA99000A871E /* Build configuration list for PBXNativeTarget "bazodiac" */;
			buildPhases = (
				F1F600DF2F66EA97000A871E /* Sources */,
				F1F600E02F66EA97000A871E /* Frameworks */,
				F1F600E12F66EA97000A871E /* Resources */,
			);
			buildRules = (
			);
			dependencies = (
			);
			fileSystemSynchronizedGroups = (
				F1F600E52F66EA97000A871E /* bazodiac */,
			);
			name = bazodiac;
			packageProductDependencies = (
			);
			productName = bazodiac;
			productReference = F1F600E32F66EA97000A871E /* bazodiac.app */;
			productType = "com.apple.product-type.application";
		};
		F1F600F32F66EA99000A871E /* bazodiacTests */ = {
			isa = PBXNativeTarget;
			buildConfigurationList = F1F6010C2F66EA99000A871E /* Build configuration list for PBXNativeTarget "bazodiacTests" */;
			buildPhases = (
				F1F600F02F66EA99000A871E /* Sources */,
				F1F600F12F66EA99000A871E /* Frameworks */,
				F1F600F22F66EA99000A871E /* Resources */,
			);
			buildRules = (
			);
			dependencies = (
				F1F600F62F66EA99000A871E /* PBXTargetDependency */,
			);
			fileSystemSynchronizedGroups = (
				F1F600F72F66EA99000A871E /* bazodiacTests */,
			);
			name = bazodiacTests;
			packageProductDependencies = (
			);
			productName = bazodiacTests;
			productReference = F1F600F42F66EA99000A871E /* bazodiacTests.xctest */;
			productType = "com.apple.product-type.bundle.unit-test";
		};
		F1F600FD2F66EA99000A871E /* bazodiacUITests */ = {
			isa = PBXNativeTarget;
			buildConfigurationList = F1F6010F2F66EA99000A871E /* Build configuration list for PBXNativeTarget "bazodiacUITests" */;
			buildPhases = (
				F1F600FA2F66EA99000A871E /* Sources */,
				F1F600FB2F66EA99000A871E /* Frameworks */,
				F1F600FC2F66EA99000A871E /* Resources */,
			);
			buildRules = (
			);
			dependencies = (
				F1F601002F66EA99000A871E /* PBXTargetDependency */,
			);
			fileSystemSynchronizedGroups = (
				F1F601012F66EA99000A871E /* bazodiacUITests */,
			);
			name = bazodiacUITests;
			packageProductDependencies = (
			);
			productName = bazodiacUITests;
			productReference = F1F600FE2F66EA99000A871E /* bazodiacUITests.xctest */;
			productType = "com.apple.product-type.bundle.ui-testing";
		};
/* End PBXNativeTarget section */

/* Begin PBXProject section */
		F1F600DB2F66EA97000A871E /* Project object */ = {
			isa = PBXProject;
			attributes = {
				BuildIndependentTargetsInParallel = 1;
				LastSwiftUpdateCheck = 2630;
				LastUpgradeCheck = 2630;
				TargetAttributes = {
					F1F600E22F66EA97000A871E = {
						CreatedOnToolsVersion = 26.3;
					};
					F1F600F32F66EA99000A871E = {
						CreatedOnToolsVersion = 26.3;
						TestTargetID = F1F600E22F66EA97000A871E;
					};
					F1F600FD2F66EA99000A871E = {
						CreatedOnToolsVersion = 26.3;
						TestTargetID = F1F600E22F66EA97000A871E;
					};
				};
			};
			buildConfigurationList = F1F600DE2F66EA97000A871E /* Build configuration list for PBXProject "bazodiac" */;
			developmentRegion = en;
			hasScannedForEncodings = 0;
			knownRegions = (
				en,
				Base,
			);
			mainGroup = F1F600DA2F66EA97000A871E;
			minimizedProjectReferenceProxies = 1;
			preferredProjectObjectVersion = 77;
			productRefGroup = F1F600E42F66EA97000A871E /* Products */;
			projectDirPath = "";
			projectRoot = "";
			targets = (
				F1F600E22F66EA97000A871E /* bazodiac */,
				F1F600F32F66EA99000A871E /* bazodiacTests */,
				F1F600FD2F66EA99000A871E /* bazodiacUITests */,
			);
		};
/* End PBXProject section */

/* Begin PBXResourcesBuildPhase section */
		F1F600E12F66EA97000A871E /* Resources */ = {
			isa = PBXResourcesBuildPhase;
			buildActionMask = 2147483647;
			files = (
				AA2000001 /* CormorantGaramond-Light.ttf in Resources */,
				AA2000002 /* CormorantGaramond-Regular.ttf in Resources */,
				AA2000003 /* CormorantGaramond-Medium.ttf in Resources */,
				AA2000004 /* CormorantGaramond-SemiBold.ttf in Resources */,
				AA2000005 /* CormorantGaramond-Bold.ttf in Resources */,
				AA2000006 /* CormorantGaramond-Italic.ttf in Resources */,
				AA2000007 /* CormorantGaramond-LightItalic.ttf in Resources */,);
			runOnlyForDeploymentPostprocessing = 0;
		};
		F1F600F22F66EA99000A871E /* Resources */ = {
			isa = PBXResourcesBuildPhase;
			buildActionMask = 2147483647;
			files = (
				AA2000001 /* CormorantGaramond-Light.ttf in Resources */,
				AA2000002 /* CormorantGaramond-Regular.ttf in Resources */,
				AA2000003 /* CormorantGaramond-Medium.ttf in Resources */,
				AA2000004 /* CormorantGaramond-SemiBold.ttf in Resources */,
				AA2000005 /* CormorantGaramond-Bold.ttf in Resources */,
				AA2000006 /* CormorantGaramond-Italic.ttf in Resources */,
				AA2000007 /* CormorantGaramond-LightItalic.ttf in Resources */,);
			runOnlyForDeploymentPostprocessing = 0;
		};
		F1F600FC2F66EA99000A871E /* Resources */ = {
			isa = PBXResourcesBuildPhase;
			buildActionMask = 2147483647;
			files = (
				AA2000001 /* CormorantGaramond-Light.ttf in Resources */,
				AA2000002 /* CormorantGaramond-Regular.ttf in Resources */,
				AA2000003 /* CormorantGaramond-Medium.ttf in Resources */,
				AA2000004 /* CormorantGaramond-SemiBold.ttf in Resources */,
				AA2000005 /* CormorantGaramond-Bold.ttf in Resources */,
				AA2000006 /* CormorantGaramond-Italic.ttf in Resources */,
				AA2000007 /* CormorantGaramond-LightItalic.ttf in Resources */,);
			runOnlyForDeploymentPostprocessing = 0;
		};
/* End PBXResourcesBuildPhase section */

/* Begin PBXSourcesBuildPhase section */
		F1F600DF2F66EA97000A871E /* Sources */ = {
			isa = PBXSourcesBuildPhase;
			buildActionMask = 2147483647;
			files = (
			);
			runOnlyForDeploymentPostprocessing = 0;
		};
		F1F600F02F66EA99000A871E /* Sources */ = {
			isa = PBXSourcesBuildPhase;
			buildActionMask = 2147483647;
			files = (
			);
			runOnlyForDeploymentPostprocessing = 0;
		};
		F1F600FA2F66EA99000A871E /* Sources */ = {
			isa = PBXSourcesBuildPhase;
			buildActionMask = 2147483647;
			files = (
			);
			runOnlyForDeploymentPostprocessing = 0;
		};
/* End PBXSourcesBuildPhase section */

/* Begin PBXTargetDependency section */
		F1F600F62F66EA99000A871E /* PBXTargetDependency */ = {
			isa = PBXTargetDependency;
			target = F1F600E22F66EA97000A871E /* bazodiac */;
			targetProxy = F1F600F52F66EA99000A871E /* PBXContainerItemProxy */;
		};
		F1F601002F66EA99000A871E /* PBXTargetDependency */ = {
			isa = PBXTargetDependency;
			target = F1F600E22F66EA97000A871E /* bazodiac */;
			targetProxy = F1F600FF2F66EA99000A871E /* PBXContainerItemProxy */;
		};
/* End PBXTargetDependency section */

/* Begin XCBuildConfiguration section */
		F1F601082F66EA99000A871E /* Debug */ = {
			isa = XCBuildConfiguration;
			buildSettings = {
				ASSETCATALOG_COMPILER_APPICON_NAME = AppIcon;
				ASSETCATALOG_COMPILER_GLOBAL_ACCENT_COLOR_NAME = AccentColor;
				CODE_SIGN_ENTITLEMENTS = bazodiac/bazodiac.entitlements;
				CODE_SIGN_STYLE = Automatic;
				CURRENT_PROJECT_VERSION = 1;
				DEVELOPMENT_TEAM = 3GCZ45R3X8;
				ENABLE_PREVIEWS = YES;
				GENERATE_INFOPLIST_FILE = YES;
				INFOPLIST_FILE = bazodiac/Info.plist;
				INFOPLIST_KEY_UIApplicationSceneManifest_Generation = YES;
				INFOPLIST_KEY_UIApplicationSupportsIndirectInputEvents = YES;
				INFOPLIST_KEY_UILaunchScreen_Generation = YES;
				INFOPLIST_KEY_UISupportedInterfaceOrientations_iPad = "UIInterfaceOrientationPortrait UIInterfaceOrientationPortraitUpsideDown UIInterfaceOrientationLandscapeLeft UIInterfaceOrientationLandscapeRight";
				INFOPLIST_KEY_UISupportedInterfaceOrientations_iPhone = "UIInterfaceOrientationPortrait UIInterfaceOrientationLandscapeLeft UIInterfaceOrientationLandscapeRight";
				LD_RUNPATH_SEARCH_PATHS = (
					"$(inherited)",
					"@executable_path/Frameworks",
				);
				MARKETING_VERSION = 1.0;
				PRODUCT_BUNDLE_IDENTIFIER = com.BenjaminPoersch.bazodiac;
				PRODUCT_NAME = "$(TARGET_NAME)";
				STRING_CATALOG_GENERATE_SYMBOLS = YES;
				SWIFT_APPROACHABLE_CONCURRENCY = YES;
				SWIFT_DEFAULT_ACTOR_ISOLATION = MainActor;
				SWIFT_EMIT_LOC_STRINGS = YES;
				SWIFT_UPCOMING_FEATURE_MEMBER_IMPORT_VISIBILITY = YES;
				SWIFT_VERSION = 5.0;
				TARGETED_DEVICE_FAMILY = "1,2";
			};
			name = Debug;
		};
		F1F601092F66EA99000A871E /* Release */ = {
			isa = XCBuildConfiguration;
			buildSettings = {
				ASSETCATALOG_COMPILER_APPICON_NAME = AppIcon;
				ASSETCATALOG_COMPILER_GLOBAL_ACCENT_COLOR_NAME = AccentColor;
				CODE_SIGN_ENTITLEMENTS = bazodiac/bazodiac.entitlements;
				CODE_SIGN_STYLE = Automatic;
				CURRENT_PROJECT_VERSION = 1;
				DEVELOPMENT_TEAM = 3GCZ45R3X8;
				ENABLE_PREVIEWS = YES;
				GENERATE_INFOPLIST_FILE = YES;
				INFOPLIST_FILE = bazodiac/Info.plist;
				INFOPLIST_KEY_UIApplicationSceneManifest_Generation = YES;
				INFOPLIST_KEY_UIApplicationSupportsIndirectInputEvents = YES;
				INFOPLIST_KEY_UILaunchScreen_Generation = YES;
				INFOPLIST_KEY_UISupportedInterfaceOrientations_iPad = "UIInterfaceOrientationPortrait UIInterfaceOrientationPortraitUpsideDown UIInterfaceOrientationLandscapeLeft UIInterfaceOrientationLandscapeRight";
				INFOPLIST_KEY_UISupportedInterfaceOrientations_iPhone = "UIInterfaceOrientationPortrait UIInterfaceOrientationLandscapeLeft UIInterfaceOrientationLandscapeRight";
				LD_RUNPATH_SEARCH_PATHS = (
					"$(inherited)",
					"@executable_path/Frameworks",
				);
				MARKETING_VERSION = 1.0;
				PRODUCT_BUNDLE_IDENTIFIER = com.BenjaminPoersch.bazodiac;
				PRODUCT_NAME = "$(TARGET_NAME)";
				STRING_CATALOG_GENERATE_SYMBOLS = YES;
				SWIFT_APPROACHABLE_CONCURRENCY = YES;
				SWIFT_DEFAULT_ACTOR_ISOLATION = MainActor;
				SWIFT_EMIT_LOC_STRINGS = YES;
				SWIFT_UPCOMING_FEATURE_MEMBER_IMPORT_VISIBILITY = YES;
				SWIFT_VERSION = 5.0;
				TARGETED_DEVICE_FAMILY = "1,2";
			};
			name = Release;
		};
		F1F6010A2F66EA99000A871E /* Debug */ = {
			isa = XCBuildConfiguration;
			buildSettings = {
				ALWAYS_SEARCH_USER_PATHS = NO;
				ASSETCATALOG_COMPILER_GENERATE_SWIFT_ASSET_SYMBOL_EXTENSIONS = YES;
				CLANG_ANALYZER_NONNULL = YES;
				CLANG_ANALYZER_NUMBER_OBJECT_CONVERSION = YES_AGGRESSIVE;
				CLANG_CXX_LANGUAGE_STANDARD = "gnu++20";
				CLANG_ENABLE_MODULES = YES;
				CLANG_ENABLE_OBJC_ARC = YES;
				CLANG_ENABLE_OBJC_WEAK = YES;
				CLANG_WARN_BLOCK_CAPTURE_AUTORELEASING = YES;
				CLANG_WARN_BOOL_CONVERSION = YES;
				CLANG_WARN_COMMA = YES;
				CLANG_WARN_CONSTANT_CONVERSION = YES;
				CLANG_WARN_DEPRECATED_OBJC_IMPLEMENTATIONS = YES;
				CLANG_WARN_DIRECT_OBJC_ISA_USAGE = YES_ERROR;
				CLANG_WARN_DOCUMENTATION_COMMENTS = YES;
				CLANG_WARN_EMPTY_BODY = YES;
				CLANG_WARN_ENUM_CONVERSION = YES;
				CLANG_WARN_INFINITE_RECURSION = YES;
				CLANG_WARN_INT_CONVERSION = YES;
				CLANG_WARN_NON_LITERAL_NULL_CONVERSION = YES;
				CLANG_WARN_OBJC_IMPLICIT_RETAIN_SELF = YES;
				CLANG_WARN_OBJC_LITERAL_CONVERSION = YES;
				CLANG_WARN_OBJC_ROOT_CLASS = YES_ERROR;
				CLANG_WARN_QUOTED_INCLUDE_IN_FRAMEWORK_HEADER = YES;
				CLANG_WARN_RANGE_LOOP_ANALYSIS = YES;
				CLANG_WARN_STRICT_PROTOTYPES = YES;
				CLANG_WARN_SUSPICIOUS_MOVE = YES;
				CLANG_WARN_UNGUARDED_AVAILABILITY = YES_AGGRESSIVE;
				CLANG_WARN_UNREACHABLE_CODE = YES;
				CLANG_WARN__DUPLICATE_METHOD_MATCH = YES;
				COPY_PHASE_STRIP = NO;
				DEBUG_INFORMATION_FORMAT = dwarf;
				DEVELOPMENT_TEAM = 3GCZ45R3X8;
				ENABLE_STRICT_OBJC_MSGSEND = YES;
				ENABLE_TESTABILITY = YES;
				ENABLE_USER_SCRIPT_SANDBOXING = YES;
				GCC_C_LANGUAGE_STANDARD = gnu17;
				GCC_DYNAMIC_NO_PIC = NO;
				GCC_NO_COMMON_BLOCKS = YES;
				GCC_OPTIMIZATION_LEVEL = 0;
				GCC_PREPROCESSOR_DEFINITIONS = (
					"DEBUG=1",
					"$(inherited)",
				);
				GCC_WARN_64_TO_32_BIT_CONVERSION = YES;
				GCC_WARN_ABOUT_RETURN_TYPE = YES_ERROR;
				GCC_WARN_UNDECLARED_SELECTOR = YES;
				GCC_WARN_UNINITIALIZED_AUTOS = YES_AGGRESSIVE;
				GCC_WARN_UNUSED_FUNCTION = YES;
				GCC_WARN_UNUSED_VARIABLE = YES;
				IPHONEOS_DEPLOYMENT_TARGET = 26.2;
				LOCALIZATION_PREFERS_STRING_CATALOGS = YES;
				MTL_ENABLE_DEBUG_INFO = INCLUDE_SOURCE;
				MTL_FAST_MATH = YES;
				ONLY_ACTIVE_ARCH = YES;
				SDKROOT = iphoneos;
				SWIFT_ACTIVE_COMPILATION_CONDITIONS = "DEBUG $(inherited)";
				SWIFT_OPTIMIZATION_LEVEL = "-Onone";
			};
			name = Debug;
		};
		F1F6010B2F66EA99000A871E /* Release */ = {
			isa = XCBuildConfiguration;
			buildSettings = {
				ALWAYS_SEARCH_USER_PATHS = NO;
				ASSETCATALOG_COMPILER_GENERATE_SWIFT_ASSET_SYMBOL_EXTENSIONS = YES;
				CLANG_ANALYZER_NONNULL = YES;
				CLANG_ANALYZER_NUMBER_OBJECT_CONVERSION = YES_AGGRESSIVE;
				CLANG_CXX_LANGUAGE_STANDARD = "gnu++20";
				CLANG_ENABLE_MODULES = YES;
				CLANG_ENABLE_OBJC_ARC = YES;
				CLANG_ENABLE_OBJC_WEAK = YES;
				CLANG_WARN_BLOCK_CAPTURE_AUTORELEASING = YES;
				CLANG_WARN_BOOL_CONVERSION = YES;
				CLANG_WARN_COMMA = YES;
				CLANG_WARN_CONSTANT_CONVERSION = YES;
				CLANG_WARN_DEPRECATED_OBJC_IMPLEMENTATIONS = YES;
				CLANG_WARN_DIRECT_OBJC_ISA_USAGE = YES_ERROR;
				CLANG_WARN_DOCUMENTATION_COMMENTS = YES;
				CLANG_WARN_EMPTY_BODY = YES;
				CLANG_WARN_ENUM_CONVERSION = YES;
				CLANG_WARN_INFINITE_RECURSION = YES;
				CLANG_WARN_INT_CONVERSION = YES;
				CLANG_WARN_NON_LITERAL_NULL_CONVERSION = YES;
				CLANG_WARN_OBJC_IMPLICIT_RETAIN_SELF = YES;
				CLANG_WARN_OBJC_LITERAL_CONVERSION = YES;
				CLANG_WARN_OBJC_ROOT_CLASS = YES_ERROR;
				CLANG_WARN_QUOTED_INCLUDE_IN_FRAMEWORK_HEADER = YES;
				CLANG_WARN_RANGE_LOOP_ANALYSIS = YES;
				CLANG_WARN_STRICT_PROTOTYPES = YES;
				CLANG_WARN_SUSPICIOUS_MOVE = YES;
				CLANG_WARN_UNGUARDED_AVAILABILITY = YES_AGGRESSIVE;
				CLANG_WARN_UNREACHABLE_CODE = YES;
				CLANG_WARN__DUPLICATE_METHOD_MATCH = YES;
				COPY_PHASE_STRIP = NO;
				DEBUG_INFORMATION_FORMAT = "dwarf-with-dsym";
				DEVELOPMENT_TEAM = 3GCZ45R3X8;
				ENABLE_NS_ASSERTIONS = NO;
				ENABLE_STRICT_OBJC_MSGSEND = YES;
				ENABLE_USER_SCRIPT_SANDBOXING = YES;
				GCC_C_LANGUAGE_STANDARD = gnu17;
				GCC_NO_COMMON_BLOCKS = YES;
				GCC_WARN_64_TO_32_BIT_CONVERSION = YES;
				GCC_WARN_ABOUT_RETURN_TYPE = YES_ERROR;
				GCC_WARN_UNDECLARED_SELECTOR = YES;
				GCC_WARN_UNINITIALIZED_AUTOS = YES_AGGRESSIVE;
				GCC_WARN_UNUSED_FUNCTION = YES;
				GCC_WARN_UNUSED_VARIABLE = YES;
				IPHONEOS_DEPLOYMENT_TARGET = 26.2;
				LOCALIZATION_PREFERS_STRING_CATALOGS = YES;
				MTL_ENABLE_DEBUG_INFO = NO;
				MTL_FAST_MATH = YES;
				SDKROOT = iphoneos;
				SWIFT_COMPILATION_MODE = wholemodule;
				VALIDATE_PRODUCT = YES;
			};
			name = Release;
		};
		F1F6010D2F66EA99000A871E /* Debug */ = {
			isa = XCBuildConfiguration;
			buildSettings = {
				BUNDLE_LOADER = "$(TEST_HOST)";
				CODE_SIGN_STYLE = Automatic;
				CURRENT_PROJECT_VERSION = 1;
				DEVELOPMENT_TEAM = 3GCZ45R3X8;
				GENERATE_INFOPLIST_FILE = YES;
				IPHONEOS_DEPLOYMENT_TARGET = 26.2;
				MARKETING_VERSION = 1.0;
				PRODUCT_BUNDLE_IDENTIFIER = com.BenjaminPoersch.bazodiacTests;
				PRODUCT_NAME = "$(TARGET_NAME)";
				STRING_CATALOG_GENERATE_SYMBOLS = NO;
				SWIFT_APPROACHABLE_CONCURRENCY = YES;
				SWIFT_EMIT_LOC_STRINGS = NO;
				SWIFT_UPCOMING_FEATURE_MEMBER_IMPORT_VISIBILITY = YES;
				SWIFT_VERSION = 5.0;
				TARGETED_DEVICE_FAMILY = "1,2";
				TEST_HOST = "$(BUILT_PRODUCTS_DIR)/bazodiac.app/$(BUNDLE_EXECUTABLE_FOLDER_PATH)/bazodiac";
			};
			name = Debug;
		};
		F1F6010E2F66EA99000A871E /* Release */ = {
			isa = XCBuildConfiguration;
			buildSettings = {
				BUNDLE_LOADER = "$(TEST_HOST)";
				CODE_SIGN_STYLE = Automatic;
				CURRENT_PROJECT_VERSION = 1;
				DEVELOPMENT_TEAM = 3GCZ45R3X8;
				GENERATE_INFOPLIST_FILE = YES;
				IPHONEOS_DEPLOYMENT_TARGET = 26.2;
				MARKETING_VERSION = 1.0;
				PRODUCT_BUNDLE_IDENTIFIER = com.BenjaminPoersch.bazodiacTests;
				PRODUCT_NAME = "$(TARGET_NAME)";
				STRING_CATALOG_GENERATE_SYMBOLS = NO;
				SWIFT_APPROACHABLE_CONCURRENCY = YES;
				SWIFT_EMIT_LOC_STRINGS = NO;
				SWIFT_UPCOMING_FEATURE_MEMBER_IMPORT_VISIBILITY = YES;
				SWIFT_VERSION = 5.0;
				TARGETED_DEVICE_FAMILY = "1,2";
				TEST_HOST = "$(BUILT_PRODUCTS_DIR)/bazodiac.app/$(BUNDLE_EXECUTABLE_FOLDER_PATH)/bazodiac";
			};
			name = Release;
		};
		F1F601102F66EA99000A871E /* Debug */ = {
			isa = XCBuildConfiguration;
			buildSettings = {
				CODE_SIGN_STYLE = Automatic;
				CURRENT_PROJECT_VERSION = 1;
				DEVELOPMENT_TEAM = 3GCZ45R3X8;
				GENERATE_INFOPLIST_FILE = YES;
				MARKETING_VERSION = 1.0;
				PRODUCT_BUNDLE_IDENTIFIER = com.BenjaminPoersch.bazodiacUITests;
				PRODUCT_NAME = "$(TARGET_NAME)";
				STRING_CATALOG_GENERATE_SYMBOLS = NO;
				SWIFT_APPROACHABLE_CONCURRENCY = YES;
				SWIFT_EMIT_LOC_STRINGS = NO;
				SWIFT_UPCOMING_FEATURE_MEMBER_IMPORT_VISIBILITY = YES;
				SWIFT_VERSION = 5.0;
				TARGETED_DEVICE_FAMILY = "1,2";
				TEST_TARGET_NAME = bazodiac;
			};
			name = Debug;
		};
		F1F601112F66EA99000A871E /* Release */ = {
			isa = XCBuildConfiguration;
			buildSettings = {
				CODE_SIGN_STYLE = Automatic;
				CURRENT_PROJECT_VERSION = 1;
				DEVELOPMENT_TEAM = 3GCZ45R3X8;
				GENERATE_INFOPLIST_FILE = YES;
				MARKETING_VERSION = 1.0;
				PRODUCT_BUNDLE_IDENTIFIER = com.BenjaminPoersch.bazodiacUITests;
				PRODUCT_NAME = "$(TARGET_NAME)";
				STRING_CATALOG_GENERATE_SYMBOLS = NO;
				SWIFT_APPROACHABLE_CONCURRENCY = YES;
				SWIFT_EMIT_LOC_STRINGS = NO;
				SWIFT_UPCOMING_FEATURE_MEMBER_IMPORT_VISIBILITY = YES;
				SWIFT_VERSION = 5.0;
				TARGETED_DEVICE_FAMILY = "1,2";
				TEST_TARGET_NAME = bazodiac;
			};
			name = Release;
		};
/* End XCBuildConfiguration section */

/* Begin XCConfigurationList section */
		F1F600DE2F66EA97000A871E /* Build configuration list for PBXProject "bazodiac" */ = {
			isa = XCConfigurationList;
			buildConfigurations = (
				F1F6010A2F66EA99000A871E /* Debug */,
				F1F6010B2F66EA99000A871E /* Release */,
			);
			defaultConfigurationIsVisible = 0;
			defaultConfigurationName = Release;
		};
		F1F601072F66EA99000A871E /* Build configuration list for PBXNativeTarget "bazodiac" */ = {
			isa = XCConfigurationList;
			buildConfigurations = (
				F1F601082F66EA99000A871E /* Debug */,
				F1F601092F66EA99000A871E /* Release */,
			);
			defaultConfigurationIsVisible = 0;
			defaultConfigurationName = Release;
		};
		F1F6010C2F66EA99000A871E /* Build configuration list for PBXNativeTarget "bazodiacTests" */ = {
			isa = XCConfigurationList;
			buildConfigurations = (
				F1F6010D2F66EA99000A871E /* Debug */,
				F1F6010E2F66EA99000A871E /* Release */,
			);
			defaultConfigurationIsVisible = 0;
			defaultConfigurationName = Release;
		};
		F1F6010F2F66EA99000A871E /* Build configuration list for PBXNativeTarget "bazodiacUITests" */ = {
			isa = XCConfigurationList;
			buildConfigurations = (
				F1F601102F66EA99000A871E /* Debug */,
				F1F601112F66EA99000A871E /* Release */,
			);
			defaultConfigurationIsVisible = 0;
			defaultConfigurationName = Release;
		};
/* End XCConfigurationList section */
	};
	rootObject = F1F600DB2F66EA97000A871E /* Project object */;
}
